PODS:
  - Alamofire (4.5.0)
  - Differentiator (3.0.2)
  - Kingfisher (4.6.3)
  - Outlaw (1.1.0)
  - Result (3.0.0)
  - RxAlamofire (4.1.0):
    - RxAlamofire/Core (= 4.1.0)
  - RxAlamofire/Core (4.1.0):
    - Alamofire (~> 4.5)
    - RxSwift (~> 4.0)
  - RxCocoa (4.1.2):
    - RxSwift (~> 4.0)
  - RxDataSources (3.0.2):
    - Differentiator (~> 3.0)
    - RxCocoa (~> 4.0)
    - RxSwift (~> 4.0)
  - RxSwift (4.1.2)
  - Swinject (2.1.0)
  - SwinjectStoryboard (1.1.2):
    - Swinject (~> 2.1)

DEPENDENCIES:
  - Alamofire (= 4.5.0)
  - Kingfisher (~> 4.0)
  - Outlaw
  - Result (~> 3.0.0)
  - RxAlamofire
  - RxCocoa (~> 4.0)
  - RxDataSources (~> 3.0)
  - RxSwift (~> 4.0)
  - Swinject (= 2.1.0)
  - SwinjectStoryboard (= 1.1.2)

SPEC CHECKSUMS:
  Alamofire: f28cdffd29de33a7bfa022cbd63ae95a27fae140
  Differentiator: a87be69eba49ec4ab460c7671143ee3a9eececfd
  Kingfisher: 98e6d5b5e807645743e8ed5ececd25d688d38452
  Outlaw: 00b32d73bee9a62b5150683f70c491d3307d999f
  Result: 1b3e431f37cbcd3ad89c6aa9ab0ae55515fae3b6
  RxAlamofire: 96a2bff4694a1609bb59c57b53d99ea7a0ddc64a
  RxCocoa: d88ba0f1f6abf040011a9eb4b539324fc426843a
  RxDataSources: cb7c31e652a87ebb919da45f716bbb87b3765f6b
  RxSwift: e49536837d9901277638493ea537394d4b55f570
  Swinject: 85e468ac75c5c2d234076f98c591d57d56bc64bc
  SwinjectStoryboard: 92e75763c3299cdf627bef98a5180dc894864336

PODFILE CHECKSUM: d2106c55bd30976953baced6788552d003149cab

COCOAPODS: 1.4.0
